// !$*UTF8*$!
{
	archiveVersion = 1;
	classes = {
	};
	objectVersion = 46;
	objects = {

/* Begin PBXBuildFile section */
		7C06F40719DA19680057D6ED /* 10.8+root.plist in Resources */ = {isa = PBXBuildFile; fileRef = 7C06F40619DA19680057D6ED /* 10.8+root.plist */; };
		7C07F19719F10C8B00314193 /* dsa_pub.pem in Resources */ = {isa = PBXBuildFile; fileRef = 7C07F19619F10C8B00314193 /* dsa_pub.pem */; };
		7C0E1A291A700D8E0008ED3C /* JSS.icns in Resources */ = {isa = PBXBuildFile; fileRef = 7C0E1A271A700D8E0008ED3C /* JSS.icns */; };
		7C13057F193FC0B60060F343 /* Cocoa.framework in Frameworks */ = {isa = PBXBuildFile; fileRef = 7C13057E193FC0B60060F343 /* Cocoa.framework */; };
		7C130581193FC0B60060F343 /* AppleScriptObjC.framework in Frameworks */ = {isa = PBXBuildFile; fileRef = 7C130580193FC0B60060F343 /* AppleScriptObjC.framework */; };
		7C13058B193FC0B60060F343 /* InfoPlist.strings in Resources */ = {isa = PBXBuildFile; fileRef = 7C130589193FC0B60060F343 /* InfoPlist.strings */; };
		7C13058D193FC0B60060F343 /* main.m in Sources */ = {isa = PBXBuildFile; fileRef = 7C13058C193FC0B60060F343 /* main.m */; };
		7C130591193FC0B60060F343 /* Credits.rtf in Resources */ = {isa = PBXBuildFile; fileRef = 7C13058F193FC0B60060F343 /* Credits.rtf */; };
		7C130593193FC0B60060F343 /* AutoCasperNBIAppDelegate.applescript in Sources */ = {isa = PBXBuildFile; fileRef = 7C130592193FC0B60060F343 /* AutoCasperNBIAppDelegate.applescript */; };
		7C130598193FC0B60060F343 /* Images.xcassets in Resources */ = {isa = PBXBuildFile; fileRef = 7C130597193FC0B60060F343 /* Images.xcassets */; };
		7C13059F193FC0CE0060F343 /* MainMenu.xib in Resources */ = {isa = PBXBuildFile; fileRef = 7C13059E193FC0CE0060F343 /* MainMenu.xib */; };
		7C1305A8193FC10A0060F343 /* Casper Imaging.tiff in Resources */ = {isa = PBXBuildFile; fileRef = 7C1305A1193FC10A0060F343 /* Casper Imaging.tiff */; };
		7C1305AA193FC10A0060F343 /* DMGFormat.icns in Resources */ = {isa = PBXBuildFile; fileRef = 7C1305A3193FC10A0060F343 /* DMGFormat.icns */; };
		7C1305AB193FC10A0060F343 /* NetBootVolume.icns in Resources */ = {isa = PBXBuildFile; fileRef = 7C1305A4193FC10A0060F343 /* NetBootVolume.icns */; };
		7C1305AC193FC10A0060F343 /* osx-jss-login.png in Resources */ = {isa = PBXBuildFile; fileRef = 7C1305A5193FC10A0060F343 /* osx-jss-login.png */; };
		7C1305AD193FC10A0060F343 /* RemoteDesktop.icns in Resources */ = {isa = PBXBuildFile; fileRef = 7C1305A6193FC10A0060F343 /* RemoteDesktop.icns */; };
		7C1305AE193FC10A0060F343 /* ToolbarDesktopFolderIcon.icns in Resources */ = {isa = PBXBuildFile; fileRef = 7C1305A7193FC10A0060F343 /* ToolbarDesktopFolderIcon.icns */; };
		7C19700A198058F00092062D /* Scripts.icns in Resources */ = {isa = PBXBuildFile; fileRef = 7C197009198058F00092062D /* Scripts.icns */; };
		7C19733F21766DA200282107 /* com.AutoCasperNBI.JamfImaging.plist in Resources */ = {isa = PBXBuildFile; fileRef = 7C19733E21766DA100282107 /* com.AutoCasperNBI.JamfImaging.plist */; };
		7C23C474195A3AEB00FAC70A /* Screensharing.icns in Resources */ = {isa = PBXBuildFile; fileRef = 7C23C473195A3AEB00FAC70A /* Screensharing.icns */; };
		7C27FA26198C357900BD5A07 /* AlertStopIcon.icns in Resources */ = {isa = PBXBuildFile; fileRef = 7C27FA25198C357900BD5A07 /* AlertStopIcon.icns */; };
		7C27FA28198C3D9500BD5A07 /* complete.aif in Resources */ = {isa = PBXBuildFile; fileRef = 7C27FA27198C3D9500BD5A07 /* complete.aif */; };
		7C3759491BC7027900CBB857 /* 10.11NBImageInfo in Resources */ = {isa = PBXBuildFile; fileRef = 7C3759481BC7027900CBB857 /* 10.11NBImageInfo */; };
		7C39447E1960C57D00BF371B /* Package.icns in Resources */ = {isa = PBXBuildFile; fileRef = 7C39447D1960C57D00BF371B /* Package.icns */; };
		7C3944801960C7DA00BF371B /* CertStackLarge@2x.png in Resources */ = {isa = PBXBuildFile; fileRef = 7C39447F1960C7DA00BF371B /* CertStackLarge@2x.png */; };
		7C55D7EF19DA299000AC599D /* Casper.com.apple.dock.plist in Resources */ = {isa = PBXBuildFile; fileRef = 7C55D7EE19DA299000AC599D /* Casper.com.apple.dock.plist */; };
		7C801962196EA9AE0079952B /* AutoCasperNBI.png in Resources */ = {isa = PBXBuildFile; fileRef = 7C801961196EA9AE0079952B /* AutoCasperNBI.png */; };
		7C83B56E19A3931600E9572E /* Finder.icns in Resources */ = {isa = PBXBuildFile; fileRef = 7C83B56D19A3931600E9572E /* Finder.icns */; };
		7C83B57219A3AF3E00E9572E /* Localization.icns in Resources */ = {isa = PBXBuildFile; fileRef = 7C83B57119A3AF3E00E9572E /* Localization.icns */; };
		7C83B57419A3B39A00E9572E /* diskcopy.icns in Resources */ = {isa = PBXBuildFile; fileRef = 7C83B57319A3B39A00E9572E /* diskcopy.icns */; };
		7C83B57619A3B41700E9572E /* CDiskImage.icns in Resources */ = {isa = PBXBuildFile; fileRef = 7C83B57519A3B41700E9572E /* CDiskImage.icns */; };
		7C9BC9E519EC7D0500C4FDDD /* YoYo-Localization.icns in Resources */ = {isa = PBXBuildFile; fileRef = 7C9BC9E419EC7D0500C4FDDD /* YoYo-Localization.icns */; };
		7C9BC9E719EC7EE800C4FDDD /* YoYo-package.icns in Resources */ = {isa = PBXBuildFile; fileRef = 7C9BC9E619EC7EE800C4FDDD /* YoYo-package.icns */; };
		7CB60994199189E20068574D /* root.plist in Resources */ = {isa = PBXBuildFile; fileRef = 7CB60993199189E20068574D /* root.plist */; };
		7CBF12721D0A092C005798FA /* Sparkle.framework in Frameworks */ = {isa = PBXBuildFile; fileRef = 7CBF126F1D0A08B2005798FA /* Sparkle.framework */; };
		7CBF12741D0A0AC1005798FA /* Sparkle.framework in CopyFiles */ = {isa = PBXBuildFile; fileRef = 7CBF126F1D0A08B2005798FA /* Sparkle.framework */; settings = {ATTRIBUTES = (CodeSignOnCopy, RemoveHeadersOnCopy, ); }; };
		7CC26BD819DA1C0D002A093B /* kcpassword in Resources */ = {isa = PBXBuildFile; fileRef = 7CC26BD719DA1C0D002A093B /* kcpassword */; };
		7CC26BDA19DA1D2C002A093B /* com.AutoCasperNBI.CasperImaging.plist in Resources */ = {isa = PBXBuildFile; fileRef = 7CC26BD919DA1D2C002A093B /* com.AutoCasperNBI.CasperImaging.plist */; };
		7CC26BDC19DA1DF8002A093B /* rc.netboot in Resources */ = {isa = PBXBuildFile; fileRef = 7CC26BDB19DA1DF8002A093B /* rc.netboot */; };
		7CC636E6197D444E008473CE /* NBImageInfo.plist in Resources */ = {isa = PBXBuildFile; fileRef = 7CC636E5197D444E008473CE /* NBImageInfo.plist */; };
		7CCA40B519D9EE9800C7114F /* Boot.sh in Resources */ = {isa = PBXBuildFile; fileRef = 7CCA40B419D9EE9800C7114F /* Boot.sh */; };
		7CCA40B719D9F22600C7114F /* com.AutoCasperNBI.boot.plist in Resources */ = {isa = PBXBuildFile; fileRef = 7CCA40B619D9F22600C7114F /* com.AutoCasperNBI.boot.plist */; };
		7CD1B87B19EC76EB00C70449 /* YoYo-diskcopy-doc.icns in Resources */ = {isa = PBXBuildFile; fileRef = 7CD1B87A19EC76EB00C70449 /* YoYo-diskcopy-doc.icns */; };
		7CDCE26C1985A2B8005CE10C /* Clock.png in Resources */ = {isa = PBXBuildFile; fileRef = 7CDCE26B1985A2B8005CE10C /* Clock.png */; };
		7CDD2BBD19EC7BAA008D370F /* YoYo-icn_desktop.tiff in Resources */ = {isa = PBXBuildFile; fileRef = 7CDD2BB819EC7BAA008D370F /* YoYo-icn_desktop.tiff */; };
		7CDD2BBE19EC7BAA008D370F /* YoYo-FinderIcon.icns in Resources */ = {isa = PBXBuildFile; fileRef = 7CDD2BB919EC7BAA008D370F /* YoYo-FinderIcon.icns */; };
		7CDD2BBF19EC7BAA008D370F /* YoYo-ExecutableBinaryIcon.icns in Resources */ = {isa = PBXBuildFile; fileRef = 7CDD2BBA19EC7BAA008D370F /* YoYo-ExecutableBinaryIcon.icns */; };
		7CDD2BC019EC7BAA008D370F /* YoYo-Clock.icns in Resources */ = {isa = PBXBuildFile; fileRef = 7CDD2BBB19EC7BAA008D370F /* YoYo-Clock.icns */; };
		7CDD2BC119EC7BAA008D370F /* YoYo-AppIcon.icns in Resources */ = {isa = PBXBuildFile; fileRef = 7CDD2BBC19EC7BAA008D370F /* YoYo-AppIcon.icns */; };
		7CEDD051195B8243009DA982 /* Installer.icns in Resources */ = {isa = PBXBuildFile; fileRef = 7CEDD050195B8243009DA982 /* Installer.icns */; };
		7CF3937B1F769EAF00A12972 /* Jamf.com.apple.dock.plist in Resources */ = {isa = PBXBuildFile; fileRef = 7CF3937A1F769EAF00A12972 /* Jamf.com.apple.dock.plist */; };
/* End PBXBuildFile section */

/* Begin PBXCopyFilesBuildPhase section */
		7C07F19419F10B9C00314193 /* CopyFiles */ = {
			isa = PBXCopyFilesBuildPhase;
			buildActionMask = 2147483647;
			dstPath = "";
			dstSubfolderSpec = 10;
			files = (
				7CBF12741D0A0AC1005798FA /* Sparkle.framework in CopyFiles */,
			);
			runOnlyForDeploymentPostprocessing = 0;
		};
/* End PBXCopyFilesBuildPhase section */

/* Begin PBXFileReference section */
		7C06F40619DA19680057D6ED /* 10.8+root.plist */ = {isa = PBXFileReference; lastKnownFileType = file.bplist; path = "10.8+root.plist"; sourceTree = "<group>"; };
		7C07F19619F10C8B00314193 /* dsa_pub.pem */ = {isa = PBXFileReference; fileEncoding = 4; lastKnownFileType = text; path = dsa_pub.pem; sourceTree = "<group>"; };
		7C0E1A271A700D8E0008ED3C /* JSS.icns */ = {isa = PBXFileReference; lastKnownFileType = image.icns; path = JSS.icns; sourceTree = "<group>"; };
		7C13057B193FC0B60060F343 /* AutoCasperNBI.app */ = {isa = PBXFileReference; explicitFileType = wrapper.application; includeInIndex = 0; path = AutoCasperNBI.app; sourceTree = BUILT_PRODUCTS_DIR; };
		7C13057E193FC0B60060F343 /* Cocoa.framework */ = {isa = PBXFileReference; lastKnownFileType = wrapper.framework; name = Cocoa.framework; path = System/Library/Frameworks/Cocoa.framework; sourceTree = SDKROOT; };
		7C130580193FC0B60060F343 /* AppleScriptObjC.framework */ = {isa = PBXFileReference; lastKnownFileType = wrapper.framework; name = AppleScriptObjC.framework; path = System/Library/Frameworks/AppleScriptObjC.framework; sourceTree = SDKROOT; };
		7C130583193FC0B60060F343 /* AppKit.framework */ = {isa = PBXFileReference; lastKnownFileType = wrapper.framework; name = AppKit.framework; path = System/Library/Frameworks/AppKit.framework; sourceTree = SDKROOT; };
		7C130584193FC0B60060F343 /* CoreData.framework */ = {isa = PBXFileReference; lastKnownFileType = wrapper.framework; name = CoreData.framework; path = System/Library/Frameworks/CoreData.framework; sourceTree = SDKROOT; };
		7C130585193FC0B60060F343 /* Foundation.framework */ = {isa = PBXFileReference; lastKnownFileType = wrapper.framework; name = Foundation.framework; path = System/Library/Frameworks/Foundation.framework; sourceTree = SDKROOT; };
		7C130588193FC0B60060F343 /* AutoCasperNBI-Info.plist */ = {isa = PBXFileReference; lastKnownFileType = text.plist.xml; path = "AutoCasperNBI-Info.plist"; sourceTree = "<group>"; };
		7C13058A193FC0B60060F343 /* en */ = {isa = PBXFileReference; lastKnownFileType = text.plist.strings; name = en; path = en.lproj/InfoPlist.strings; sourceTree = "<group>"; };
		7C13058C193FC0B60060F343 /* main.m */ = {isa = PBXFileReference; lastKnownFileType = sourcecode.c.objc; path = main.m; sourceTree = "<group>"; };
		7C13058E193FC0B60060F343 /* AutoCasperNBI-Prefix.pch */ = {isa = PBXFileReference; lastKnownFileType = sourcecode.c.h; path = "AutoCasperNBI-Prefix.pch"; sourceTree = "<group>"; };
		7C130590193FC0B60060F343 /* en */ = {isa = PBXFileReference; lastKnownFileType = text.rtf; name = en; path = en.lproj/Credits.rtf; sourceTree = "<group>"; };
		7C130592193FC0B60060F343 /* AutoCasperNBIAppDelegate.applescript */ = {isa = PBXFileReference; lastKnownFileType = sourcecode.applescript; path = AutoCasperNBIAppDelegate.applescript; sourceTree = "<group>"; };
		7C130597193FC0B60060F343 /* Images.xcassets */ = {isa = PBXFileReference; lastKnownFileType = folder.assetcatalog; path = Images.xcassets; sourceTree = "<group>"; };
		7C13059E193FC0CE0060F343 /* MainMenu.xib */ = {isa = PBXFileReference; fileEncoding = 4; lastKnownFileType = file.xib; path = MainMenu.xib; sourceTree = "<group>"; };
		7C1305A1193FC10A0060F343 /* Casper Imaging.tiff */ = {isa = PBXFileReference; lastKnownFileType = image.tiff; path = "Casper Imaging.tiff"; sourceTree = "<group>"; };
		7C1305A3193FC10A0060F343 /* DMGFormat.icns */ = {isa = PBXFileReference; lastKnownFileType = image.icns; path = DMGFormat.icns; sourceTree = "<group>"; };
		7C1305A4193FC10A0060F343 /* NetBootVolume.icns */ = {isa = PBXFileReference; lastKnownFileType = image.icns; path = NetBootVolume.icns; sourceTree = "<group>"; };
		7C1305A5193FC10A0060F343 /* osx-jss-login.png */ = {isa = PBXFileReference; lastKnownFileType = image.png; path = "osx-jss-login.png"; sourceTree = "<group>"; };
		7C1305A6193FC10A0060F343 /* RemoteDesktop.icns */ = {isa = PBXFileReference; lastKnownFileType = image.icns; path = RemoteDesktop.icns; sourceTree = "<group>"; };
		7C1305A7193FC10A0060F343 /* ToolbarDesktopFolderIcon.icns */ = {isa = PBXFileReference; lastKnownFileType = image.icns; path = ToolbarDesktopFolderIcon.icns; sourceTree = "<group>"; };
		7C1726BA21AC798400D07797 /* AutoCasperNBI.entitlements */ = {isa = PBXFileReference; lastKnownFileType = text.plist.entitlements; path = AutoCasperNBI.entitlements; sourceTree = "<group>"; };
		7C197009198058F00092062D /* Scripts.icns */ = {isa = PBXFileReference; lastKnownFileType = image.icns; path = Scripts.icns; sourceTree = "<group>"; };
		7C19733E21766DA100282107 /* com.AutoCasperNBI.JamfImaging.plist */ = {isa = PBXFileReference; fileEncoding = 4; lastKnownFileType = text.plist.xml; path = com.AutoCasperNBI.JamfImaging.plist; sourceTree = "<group>"; };
		7C23C473195A3AEB00FAC70A /* Screensharing.icns */ = {isa = PBXFileReference; lastKnownFileType = image.icns; path = Screensharing.icns; sourceTree = "<group>"; };
		7C27FA25198C357900BD5A07 /* AlertStopIcon.icns */ = {isa = PBXFileReference; lastKnownFileType = image.icns; path = AlertStopIcon.icns; sourceTree = "<group>"; };
		7C27FA27198C3D9500BD5A07 /* complete.aif */ = {isa = PBXFileReference; lastKnownFileType = file; path = complete.aif; sourceTree = "<group>"; };
		7C3759481BC7027900CBB857 /* 10.11NBImageInfo */ = {isa = PBXFileReference; lastKnownFileType = folder; path = 10.11NBImageInfo; sourceTree = "<group>"; };
		7C39447D1960C57D00BF371B /* Package.icns */ = {isa = PBXFileReference; lastKnownFileType = image.icns; path = Package.icns; sourceTree = "<group>"; };
		7C39447F1960C7DA00BF371B /* CertStackLarge@2x.png */ = {isa = PBXFileReference; lastKnownFileType = image.png; path = "CertStackLarge@2x.png"; sourceTree = "<group>"; };
		7C55D7EE19DA299000AC599D /* Casper.com.apple.dock.plist */ = {isa = PBXFileReference; lastKnownFileType = file.bplist; path = Casper.com.apple.dock.plist; sourceTree = "<group>"; };
		7C801961196EA9AE0079952B /* AutoCasperNBI.png */ = {isa = PBXFileReference; lastKnownFileType = image.png; path = AutoCasperNBI.png; sourceTree = "<group>"; };
		7C83B56D19A3931600E9572E /* Finder.icns */ = {isa = PBXFileReference; lastKnownFileType = image.icns; path = Finder.icns; sourceTree = "<group>"; };
		7C83B57119A3AF3E00E9572E /* Localization.icns */ = {isa = PBXFileReference; lastKnownFileType = image.icns; path = Localization.icns; sourceTree = "<group>"; };
		7C83B57319A3B39A00E9572E /* diskcopy.icns */ = {isa = PBXFileReference; lastKnownFileType = image.icns; path = diskcopy.icns; sourceTree = "<group>"; };
		7C83B57519A3B41700E9572E /* CDiskImage.icns */ = {isa = PBXFileReference; lastKnownFileType = image.icns; path = CDiskImage.icns; sourceTree = "<group>"; };
		7C9BC9E419EC7D0500C4FDDD /* YoYo-Localization.icns */ = {isa = PBXFileReference; lastKnownFileType = image.icns; path = "YoYo-Localization.icns"; sourceTree = "<group>"; };
		7C9BC9E619EC7EE800C4FDDD /* YoYo-package.icns */ = {isa = PBXFileReference; lastKnownFileType = image.icns; path = "YoYo-package.icns"; sourceTree = "<group>"; };
		7CB60993199189E20068574D /* root.plist */ = {isa = PBXFileReference; lastKnownFileType = file.bplist; path = root.plist; sourceTree = "<group>"; };
		7CBF126F1D0A08B2005798FA /* Sparkle.framework */ = {isa = PBXFileReference; lastKnownFileType = wrapper.framework; name = Sparkle.framework; path = /Users/btoms/Git/macmule/AutoCasperNBI/Sparkle.framework; sourceTree = "<absolute>"; };
		7CC26BD719DA1C0D002A093B /* kcpassword */ = {isa = PBXFileReference; lastKnownFileType = file; path = kcpassword; sourceTree = "<group>"; };
		7CC26BD919DA1D2C002A093B /* com.AutoCasperNBI.CasperImaging.plist */ = {isa = PBXFileReference; fileEncoding = 4; lastKnownFileType = text.plist.xml; path = com.AutoCasperNBI.CasperImaging.plist; sourceTree = "<group>"; };
		7CC26BDB19DA1DF8002A093B /* rc.netboot */ = {isa = PBXFileReference; fileEncoding = 4; lastKnownFileType = text.script.sh; path = rc.netboot; sourceTree = "<group>"; };
		7CC636E5197D444E008473CE /* NBImageInfo.plist */ = {isa = PBXFileReference; fileEncoding = 4; lastKnownFileType = text.plist.xml; path = NBImageInfo.plist; sourceTree = "<group>"; };
		7CCA40B419D9EE9800C7114F /* Boot.sh */ = {isa = PBXFileReference; fileEncoding = 4; lastKnownFileType = text.script.sh; path = Boot.sh; sourceTree = "<group>"; };
		7CCA40B619D9F22600C7114F /* com.AutoCasperNBI.boot.plist */ = {isa = PBXFileReference; fileEncoding = 4; lastKnownFileType = text.plist.xml; path = com.AutoCasperNBI.boot.plist; sourceTree = "<group>"; };
		7CD1B87A19EC76EB00C70449 /* YoYo-diskcopy-doc.icns */ = {isa = PBXFileReference; lastKnownFileType = image.icns; path = "YoYo-diskcopy-doc.icns"; sourceTree = "<group>"; };
		7CDCE26B1985A2B8005CE10C /* Clock.png */ = {isa = PBXFileReference; lastKnownFileType = image.png; path = Clock.png; sourceTree = "<group>"; };
		7CDD2BB819EC7BAA008D370F /* YoYo-icn_desktop.tiff */ = {isa = PBXFileReference; lastKnownFileType = image.tiff; path = "YoYo-icn_desktop.tiff"; sourceTree = "<group>"; };
		7CDD2BB919EC7BAA008D370F /* YoYo-FinderIcon.icns */ = {isa = PBXFileReference; lastKnownFileType = image.icns; path = "YoYo-FinderIcon.icns"; sourceTree = "<group>"; };
		7CDD2BBA19EC7BAA008D370F /* YoYo-ExecutableBinaryIcon.icns */ = {isa = PBXFileReference; lastKnownFileType = image.icns; path = "YoYo-ExecutableBinaryIcon.icns"; sourceTree = "<group>"; };
		7CDD2BBB19EC7BAA008D370F /* YoYo-Clock.icns */ = {isa = PBXFileReference; lastKnownFileType = image.icns; path = "YoYo-Clock.icns"; sourceTree = "<group>"; };
		7CDD2BBC19EC7BAA008D370F /* YoYo-AppIcon.icns */ = {isa = PBXFileReference; lastKnownFileType = image.icns; path = "YoYo-AppIcon.icns"; sourceTree = "<group>"; };
		7CEDD050195B8243009DA982 /* Installer.icns */ = {isa = PBXFileReference; lastKnownFileType = image.icns; path = Installer.icns; sourceTree = "<group>"; };
		7CF3937A1F769EAF00A12972 /* Jamf.com.apple.dock.plist */ = {isa = PBXFileReference; lastKnownFileType = file.bplist; path = Jamf.com.apple.dock.plist; sourceTree = "<group>"; };
/* End PBXFileReference section */

/* Begin PBXFrameworksBuildPhase section */
		7C130578193FC0B60060F343 /* Frameworks */ = {
			isa = PBXFrameworksBuildPhase;
			buildActionMask = 2147483647;
			files = (
				7C130581193FC0B60060F343 /* AppleScriptObjC.framework in Frameworks */,
				7C13057F193FC0B60060F343 /* Cocoa.framework in Frameworks */,
				7CBF12721D0A092C005798FA /* Sparkle.framework in Frameworks */,
			);
			runOnlyForDeploymentPostprocessing = 0;
		};
/* End PBXFrameworksBuildPhase section */

/* Begin PBXGroup section */
		7C130572193FC0B60060F343 = {
			isa = PBXGroup;
			children = (
				7C130586193FC0B60060F343 /* AutoCasperNBI */,
				7C13057D193FC0B60060F343 /* Frameworks */,
				7C13057C193FC0B60060F343 /* Products */,
			);
			sourceTree = "<group>";
		};
		7C13057C193FC0B60060F343 /* Products */ = {
			isa = PBXGroup;
			children = (
				7C13057B193FC0B60060F343 /* AutoCasperNBI.app */,
			);
			name = Products;
			sourceTree = "<group>";
		};
		7C13057D193FC0B60060F343 /* Frameworks */ = {
			isa = PBXGroup;
			children = (
				7CBF126F1D0A08B2005798FA /* Sparkle.framework */,
				7C13057E193FC0B60060F343 /* Cocoa.framework */,
				7C130580193FC0B60060F343 /* AppleScriptObjC.framework */,
				7C130582193FC0B60060F343 /* Other Frameworks */,
			);
			name = Frameworks;
			sourceTree = "<group>";
		};
		7C130582193FC0B60060F343 /* Other Frameworks */ = {
			isa = PBXGroup;
			children = (
				7C130583193FC0B60060F343 /* AppKit.framework */,
				7C130584193FC0B60060F343 /* CoreData.framework */,
				7C130585193FC0B60060F343 /* Foundation.framework */,
			);
			name = "Other Frameworks";
			sourceTree = "<group>";
		};
		7C130586193FC0B60060F343 /* AutoCasperNBI */ = {
			isa = PBXGroup;
			children = (
				7C1726BA21AC798400D07797 /* AutoCasperNBI.entitlements */,
				7C19733E21766DA100282107 /* com.AutoCasperNBI.JamfImaging.plist */,
				7C3759481BC7027900CBB857 /* 10.11NBImageInfo */,
				7CB60993199189E20068574D /* root.plist */,
				7C07F19619F10C8B00314193 /* dsa_pub.pem */,
				7CC26BD719DA1C0D002A093B /* kcpassword */,
				7CCA40B619D9F22600C7114F /* com.AutoCasperNBI.boot.plist */,
				7C06F40619DA19680057D6ED /* 10.8+root.plist */,
				7CC26BD919DA1D2C002A093B /* com.AutoCasperNBI.CasperImaging.plist */,
				7CC636E5197D444E008473CE /* NBImageInfo.plist */,
				7CC26BDB19DA1DF8002A093B /* rc.netboot */,
				7C55D7EE19DA299000AC599D /* Casper.com.apple.dock.plist */,
				7CF3937A1F769EAF00A12972 /* Jamf.com.apple.dock.plist */,
				7CCA40B419D9EE9800C7114F /* Boot.sh */,
				7C13059E193FC0CE0060F343 /* MainMenu.xib */,
				7C130592193FC0B60060F343 /* AutoCasperNBIAppDelegate.applescript */,
				7C130597193FC0B60060F343 /* Images.xcassets */,
				7C130587193FC0B60060F343 /* Supporting Files */,
			);
			path = AutoCasperNBI;
			sourceTree = "<group>";
		};
		7C130587193FC0B60060F343 /* Supporting Files */ = {
			isa = PBXGroup;
			children = (
				7C27FA27198C3D9500BD5A07 /* complete.aif */,
				7C1305A0193FC0F70060F343 /* Images */,
				7C130588193FC0B60060F343 /* AutoCasperNBI-Info.plist */,
				7C130589193FC0B60060F343 /* InfoPlist.strings */,
				7C13058C193FC0B60060F343 /* main.m */,
				7C13058E193FC0B60060F343 /* AutoCasperNBI-Prefix.pch */,
				7C13058F193FC0B60060F343 /* Credits.rtf */,
			);
			name = "Supporting Files";
			sourceTree = "<group>";
		};
		7C1305A0193FC0F70060F343 /* Images */ = {
			isa = PBXGroup;
			children = (
				7C0E1A271A700D8E0008ED3C /* JSS.icns */,
				7C83B57519A3B41700E9572E /* CDiskImage.icns */,
				7C83B57319A3B39A00E9572E /* diskcopy.icns */,
				7C83B57119A3AF3E00E9572E /* Localization.icns */,
				7CD1B87A19EC76EB00C70449 /* YoYo-diskcopy-doc.icns */,
				7C83B56D19A3931600E9572E /* Finder.icns */,
				7C27FA25198C357900BD5A07 /* AlertStopIcon.icns */,
				7C9BC9E619EC7EE800C4FDDD /* YoYo-package.icns */,
				7C9BC9E419EC7D0500C4FDDD /* YoYo-Localization.icns */,
				7CDCE26B1985A2B8005CE10C /* Clock.png */,
				7CDD2BB819EC7BAA008D370F /* YoYo-icn_desktop.tiff */,
				7CDD2BB919EC7BAA008D370F /* YoYo-FinderIcon.icns */,
				7CDD2BBA19EC7BAA008D370F /* YoYo-ExecutableBinaryIcon.icns */,
				7CDD2BBB19EC7BAA008D370F /* YoYo-Clock.icns */,
				7CDD2BBC19EC7BAA008D370F /* YoYo-AppIcon.icns */,
				7C197009198058F00092062D /* Scripts.icns */,
				7C801961196EA9AE0079952B /* AutoCasperNBI.png */,
				7C39447F1960C7DA00BF371B /* CertStackLarge@2x.png */,
				7CEDD050195B8243009DA982 /* Installer.icns */,
				7C39447D1960C57D00BF371B /* Package.icns */,
				7C23C473195A3AEB00FAC70A /* Screensharing.icns */,
				7C1305A1193FC10A0060F343 /* Casper Imaging.tiff */,
				7C1305A3193FC10A0060F343 /* DMGFormat.icns */,
				7C1305A4193FC10A0060F343 /* NetBootVolume.icns */,
				7C1305A5193FC10A0060F343 /* osx-jss-login.png */,
				7C1305A6193FC10A0060F343 /* RemoteDesktop.icns */,
				7C1305A7193FC10A0060F343 /* ToolbarDesktopFolderIcon.icns */,
			);
			name = Images;
			sourceTree = "<group>";
		};
/* End PBXGroup section */

/* Begin PBXNativeTarget section */
		7C13057A193FC0B60060F343 /* AutoCasperNBI */ = {
			isa = PBXNativeTarget;
			buildConfigurationList = 7C13059B193FC0B60060F343 /* Build configuration list for PBXNativeTarget "AutoCasperNBI" */;
			buildPhases = (
				7C130577193FC0B60060F343 /* Sources */,
				7C130578193FC0B60060F343 /* Frameworks */,
				7C130579193FC0B60060F343 /* Resources */,
				7C07F19419F10B9C00314193 /* CopyFiles */,
				7C1BD4191BF9402500B8680E /* ShellScript */,
			);
			buildRules = (
			);
			dependencies = (
			);
			name = AutoCasperNBI;
			productName = AutoCasperNBI;
			productReference = 7C13057B193FC0B60060F343 /* AutoCasperNBI.app */;
			productType = "com.apple.product-type.application";
		};
/* End PBXNativeTarget section */

/* Begin PBXProject section */
		7C130573193FC0B60060F343 /* Project object */ = {
			isa = PBXProject;
			attributes = {
				LastUpgradeCheck = 1000;
				ORGANIZATIONNAME = macmule;
				TargetAttributes = {
					7C13057A193FC0B60060F343 = {
						DevelopmentTeam = 7WHVYYF52U;
						ProvisioningStyle = Automatic;
						SystemCapabilities = {
							com.apple.HardenedRuntime = {
								enabled = 0;
							};
						};
					};
				};
			};
			buildConfigurationList = 7C130576193FC0B60060F343 /* Build configuration list for PBXProject "AutoCasperNBI" */;
			compatibilityVersion = "Xcode 3.2";
			developmentRegion = English;
			hasScannedForEncodings = 0;
			knownRegions = (
				en,
				Base,
			);
			mainGroup = 7C130572193FC0B60060F343;
			productRefGroup = 7C13057C193FC0B60060F343 /* Products */;
			projectDirPath = "";
			projectRoot = "";
			targets = (
				7C13057A193FC0B60060F343 /* AutoCasperNBI */,
			);
		};
/* End PBXProject section */

/* Begin PBXResourcesBuildPhase section */
		7C130579193FC0B60060F343 /* Resources */ = {
			isa = PBXResourcesBuildPhase;
			buildActionMask = 2147483647;
			files = (
				7CF3937B1F769EAF00A12972 /* Jamf.com.apple.dock.plist in Resources */,
				7C1305AB193FC10A0060F343 /* NetBootVolume.icns in Resources */,
				7C55D7EF19DA299000AC599D /* Casper.com.apple.dock.plist in Resources */,
				7C83B57419A3B39A00E9572E /* diskcopy.icns in Resources */,
				7C06F40719DA19680057D6ED /* 10.8+root.plist in Resources */,
				7CDD2BBD19EC7BAA008D370F /* YoYo-icn_desktop.tiff in Resources */,
				7C1305AC193FC10A0060F343 /* osx-jss-login.png in Resources */,
				7C07F19719F10C8B00314193 /* dsa_pub.pem in Resources */,
				7C27FA26198C357900BD5A07 /* AlertStopIcon.icns in Resources */,
				7C23C474195A3AEB00FAC70A /* Screensharing.icns in Resources */,
				7C19733F21766DA200282107 /* com.AutoCasperNBI.JamfImaging.plist in Resources */,
				7CEDD051195B8243009DA982 /* Installer.icns in Resources */,
				7C3944801960C7DA00BF371B /* CertStackLarge@2x.png in Resources */,
				7C83B57619A3B41700E9572E /* CDiskImage.icns in Resources */,
				7C1305AE193FC10A0060F343 /* ToolbarDesktopFolderIcon.icns in Resources */,
				7C27FA28198C3D9500BD5A07 /* complete.aif in Resources */,
				7CD1B87B19EC76EB00C70449 /* YoYo-diskcopy-doc.icns in Resources */,
				7C9BC9E519EC7D0500C4FDDD /* YoYo-Localization.icns in Resources */,
				7C13058B193FC0B60060F343 /* InfoPlist.strings in Resources */,
				7CDD2BC119EC7BAA008D370F /* YoYo-AppIcon.icns in Resources */,
				7C0E1A291A700D8E0008ED3C /* JSS.icns in Resources */,
				7CC26BDC19DA1DF8002A093B /* rc.netboot in Resources */,
				7C19700A198058F00092062D /* Scripts.icns in Resources */,
				7C9BC9E719EC7EE800C4FDDD /* YoYo-package.icns in Resources */,
				7CC636E6197D444E008473CE /* NBImageInfo.plist in Resources */,
				7CDD2BC019EC7BAA008D370F /* YoYo-Clock.icns in Resources */,
				7CCA40B519D9EE9800C7114F /* Boot.sh in Resources */,
				7CC26BD819DA1C0D002A093B /* kcpassword in Resources */,
				7C83B56E19A3931600E9572E /* Finder.icns in Resources */,
				7CDCE26C1985A2B8005CE10C /* Clock.png in Resources */,
				7CDD2BBF19EC7BAA008D370F /* YoYo-ExecutableBinaryIcon.icns in Resources */,
				7C13059F193FC0CE0060F343 /* MainMenu.xib in Resources */,
				7CC26BDA19DA1D2C002A093B /* com.AutoCasperNBI.CasperImaging.plist in Resources */,
				7C130598193FC0B60060F343 /* Images.xcassets in Resources */,
				7CCA40B719D9F22600C7114F /* com.AutoCasperNBI.boot.plist in Resources */,
				7C1305AA193FC10A0060F343 /* DMGFormat.icns in Resources */,
				7CB60994199189E20068574D /* root.plist in Resources */,
				7C1305A8193FC10A0060F343 /* Casper Imaging.tiff in Resources */,
				7C130591193FC0B60060F343 /* Credits.rtf in Resources */,
				7C801962196EA9AE0079952B /* AutoCasperNBI.png in Resources */,
				7C83B57219A3AF3E00E9572E /* Localization.icns in Resources */,
				7CDD2BBE19EC7BAA008D370F /* YoYo-FinderIcon.icns in Resources */,
				7C1305AD193FC10A0060F343 /* RemoteDesktop.icns in Resources */,
				7C3759491BC7027900CBB857 /* 10.11NBImageInfo in Resources */,
				7C39447E1960C57D00BF371B /* Package.icns in Resources */,
			);
			runOnlyForDeploymentPostprocessing = 0;
		};
/* End PBXResourcesBuildPhase section */

/* Begin PBXShellScriptBuildPhase section */
		7C1BD4191BF9402500B8680E /* ShellScript */ = {
			isa = PBXShellScriptBuildPhase;
			buildActionMask = 2147483647;
			files = (
			);
			inputPaths = (
			);
			outputPaths = (
			);
			runOnlyForDeploymentPostprocessing = 0;
			shellPath = /bin/sh;
			shellScript = "#!/bin/bash\n#\n# https://crunchybagel.com/auto-incrementing-build-numbers-in-xcode/\n# \n\nbuildNumber=$(/usr/libexec/PlistBuddy -c \"Print CFBundleVersion\" \"${PROJECT_DIR}/${INFOPLIST_FILE}\")\nbuildNumber=$(($buildNumber + 1))\n/usr/libexec/PlistBuddy -c \"Set :CFBundleVersion $buildNumber\" \"${PROJECT_DIR}/${INFOPLIST_FILE}\"\n";
		};
/* End PBXShellScriptBuildPhase section */

/* Begin PBXSourcesBuildPhase section */
		7C130577193FC0B60060F343 /* Sources */ = {
			isa = PBXSourcesBuildPhase;
			buildActionMask = 2147483647;
			files = (
				7C130593193FC0B60060F343 /* AutoCasperNBIAppDelegate.applescript in Sources */,
				7C13058D193FC0B60060F343 /* main.m in Sources */,
			);
			runOnlyForDeploymentPostprocessing = 0;
		};
/* End PBXSourcesBuildPhase section */

/* Begin PBXVariantGroup section */
		7C130589193FC0B60060F343 /* InfoPlist.strings */ = {
			isa = PBXVariantGroup;
			children = (
				7C13058A193FC0B60060F343 /* en */,
			);
			name = InfoPlist.strings;
			sourceTree = "<group>";
		};
		7C13058F193FC0B60060F343 /* Credits.rtf */ = {
			isa = PBXVariantGroup;
			children = (
				7C130590193FC0B60060F343 /* en */,
			);
			name = Credits.rtf;
			sourceTree = "<group>";
		};
/* End PBXVariantGroup section */

/* Begin XCBuildConfiguration section */
		7C130599193FC0B60060F343 /* Debug */ = {
			isa = XCBuildConfiguration;
			buildSettings = {
				ALWAYS_SEARCH_USER_PATHS = NO;
				CLANG_CXX_LANGUAGE_STANDARD = "gnu++0x";
				CLANG_CXX_LIBRARY = "libc++";
				CLANG_ENABLE_MODULES = YES;
				CLANG_ENABLE_OBJC_ARC = YES;
				CLANG_WARN_BLOCK_CAPTURE_AUTORELEASING = YES;
				CLANG_WARN_BOOL_CONVERSION = YES;
				CLANG_WARN_COMMA = YES;
				CLANG_WARN_CONSTANT_CONVERSION = YES;
				CLANG_WARN_DEPRECATED_OBJC_IMPLEMENTATIONS = YES;
				CLANG_WARN_DIRECT_OBJC_ISA_USAGE = YES_ERROR;
				CLANG_WARN_EMPTY_BODY = YES;
				CLANG_WARN_ENUM_CONVERSION = YES;
				CLANG_WARN_INFINITE_RECURSION = YES;
				CLANG_WARN_INT_CONVERSION = YES;
				CLANG_WARN_NON_LITERAL_NULL_CONVERSION = YES;
				CLANG_WARN_OBJC_IMPLICIT_RETAIN_SELF = YES;
				CLANG_WARN_OBJC_LITERAL_CONVERSION = YES;
				CLANG_WARN_OBJC_ROOT_CLASS = YES_ERROR;
				CLANG_WARN_RANGE_LOOP_ANALYSIS = YES;
				CLANG_WARN_STRICT_PROTOTYPES = YES;
				CLANG_WARN_SUSPICIOUS_MOVE = YES;
				CLANG_WARN_UNREACHABLE_CODE = YES;
				CLANG_WARN__DUPLICATE_METHOD_MATCH = YES;
				CODE_SIGN_IDENTITY = "Mac Developer: Ben Toms (L7N6BNQQEU)";
				COPY_PHASE_STRIP = NO;
				ENABLE_STRICT_OBJC_MSGSEND = YES;
				ENABLE_TESTABILITY = YES;
				GCC_C_LANGUAGE_STANDARD = gnu99;
				GCC_DYNAMIC_NO_PIC = NO;
				GCC_ENABLE_OBJC_EXCEPTIONS = YES;
				GCC_NO_COMMON_BLOCKS = YES;
				GCC_OPTIMIZATION_LEVEL = 0;
				GCC_PREPROCESSOR_DEFINITIONS = (
					"DEBUG=1",
					"$(inherited)",
				);
				GCC_SYMBOLS_PRIVATE_EXTERN = NO;
				GCC_WARN_64_TO_32_BIT_CONVERSION = YES;
				GCC_WARN_ABOUT_RETURN_TYPE = YES_ERROR;
				GCC_WARN_UNDECLARED_SELECTOR = YES;
				GCC_WARN_UNINITIALIZED_AUTOS = YES_AGGRESSIVE;
				GCC_WARN_UNUSED_FUNCTION = YES;
				GCC_WARN_UNUSED_VARIABLE = YES;
				MACOSX_DEPLOYMENT_TARGET = 10.9;
				ONLY_ACTIVE_ARCH = YES;
				SDKROOT = macosx;
			};
			name = Debug;
		};
		7C13059A193FC0B60060F343 /* Release */ = {
			isa = XCBuildConfiguration;
			buildSettings = {
				ALWAYS_SEARCH_USER_PATHS = NO;
				CLANG_CXX_LANGUAGE_STANDARD = "gnu++0x";
				CLANG_CXX_LIBRARY = "libc++";
				CLANG_ENABLE_MODULES = YES;
				CLANG_ENABLE_OBJC_ARC = YES;
				CLANG_WARN_BLOCK_CAPTURE_AUTORELEASING = YES;
				CLANG_WARN_BOOL_CONVERSION = YES;
				CLANG_WARN_COMMA = YES;
				CLANG_WARN_CONSTANT_CONVERSION = YES;
				CLANG_WARN_DEPRECATED_OBJC_IMPLEMENTATIONS = YES;
				CLANG_WARN_DIRECT_OBJC_ISA_USAGE = YES_ERROR;
				CLANG_WARN_EMPTY_BODY = YES;
				CLANG_WARN_ENUM_CONVERSION = YES;
				CLANG_WARN_INFINITE_RECURSION = YES;
				CLANG_WARN_INT_CONVERSION = YES;
				CLANG_WARN_NON_LITERAL_NULL_CONVERSION = YES;
				CLANG_WARN_OBJC_IMPLICIT_RETAIN_SELF = YES;
				CLANG_WARN_OBJC_LITERAL_CONVERSION = YES;
				CLANG_WARN_OBJC_ROOT_CLASS = YES_ERROR;
				CLANG_WARN_RANGE_LOOP_ANALYSIS = YES;
				CLANG_WARN_STRICT_PROTOTYPES = YES;
				CLANG_WARN_SUSPICIOUS_MOVE = YES;
				CLANG_WARN_UNREACHABLE_CODE = YES;
				CLANG_WARN__DUPLICATE_METHOD_MATCH = YES;
				CODE_SIGN_IDENTITY = "Mac Developer: Ben Toms (L7N6BNQQEU)";
				COPY_PHASE_STRIP = YES;
				DEBUG_INFORMATION_FORMAT = "dwarf-with-dsym";
				ENABLE_NS_ASSERTIONS = NO;
				ENABLE_STRICT_OBJC_MSGSEND = YES;
				GCC_C_LANGUAGE_STANDARD = gnu99;
				GCC_ENABLE_OBJC_EXCEPTIONS = YES;
				GCC_NO_COMMON_BLOCKS = YES;
				GCC_WARN_64_TO_32_BIT_CONVERSION = YES;
				GCC_WARN_ABOUT_RETURN_TYPE = YES_ERROR;
				GCC_WARN_UNDECLARED_SELECTOR = YES;
				GCC_WARN_UNINITIALIZED_AUTOS = YES_AGGRESSIVE;
				GCC_WARN_UNUSED_FUNCTION = YES;
				GCC_WARN_UNUSED_VARIABLE = YES;
				MACOSX_DEPLOYMENT_TARGET = 10.9;
				SDKROOT = macosx;
			};
			name = Release;
		};
		7C13059C193FC0B60060F343 /* Debug */ = {
			isa = XCBuildConfiguration;
			buildSettings = {
				ASSETCATALOG_COMPILER_APPICON_NAME = AppIcon;
				CODE_SIGN_IDENTITY = "Mac Developer";
				"CODE_SIGN_IDENTITY[sdk=macosx*]" = "Mac Developer";
				CODE_SIGN_STYLE = Automatic;
				COMBINE_HIDPI_IMAGES = YES;
				DEVELOPMENT_TEAM = 7WHVYYF52U;
				FRAMEWORK_SEARCH_PATHS = (
					"$(inherited)",
					"$(PROJECT_DIR)",
				);
				GCC_PRECOMPILE_PREFIX_HEADER = YES;
				GCC_PREFIX_HEADER = "AutoCasperNBI/AutoCasperNBI-Prefix.pch";
				INFOPLIST_FILE = "AutoCasperNBI/AutoCasperNBI-Info.plist";
				LD_RUNPATH_SEARCH_PATHS = "@loader_path/../Frameworks";
				MACOSX_DEPLOYMENT_TARGET = 10.9;
				PRODUCT_BUNDLE_IDENTIFIER = "com.macmule.${PRODUCT_NAME:rfc1034identifier}";
				PRODUCT_NAME = "$(TARGET_NAME)";
				PROVISIONING_PROFILE = "";
				PROVISIONING_PROFILE_SPECIFIER = "";
				WRAPPER_EXTENSION = app;
			};
			name = Debug;
		};
		7C13059D193FC0B60060F343 /* Release */ = {
			isa = XCBuildConfiguration;
			buildSettings = {
				ASSETCATALOG_COMPILER_APPICON_NAME = AppIcon;
				CODE_SIGN_IDENTITY = "Mac Developer";
				"CODE_SIGN_IDENTITY[sdk=macosx*]" = "Mac Developer";
				CODE_SIGN_STYLE = Automatic;
				COMBINE_HIDPI_IMAGES = YES;
				DEVELOPMENT_TEAM = 7WHVYYF52U;
				FRAMEWORK_SEARCH_PATHS = (
					"$(inherited)",
					"$(PROJECT_DIR)",
				);
				GCC_PRECOMPILE_PREFIX_HEADER = YES;
				GCC_PREFIX_HEADER = "AutoCasperNBI/AutoCasperNBI-Prefix.pch";
				INFOPLIST_FILE = "AutoCasperNBI/AutoCasperNBI-Info.plist";
				LD_RUNPATH_SEARCH_PATHS = "@loader_path/../Frameworks";
				MACOSX_DEPLOYMENT_TARGET = 10.9;
				PRODUCT_BUNDLE_IDENTIFIER = "com.macmule.${PRODUCT_NAME:rfc1034identifier}";
				PRODUCT_NAME = "$(TARGET_NAME)";
				PROVISIONING_PROFILE = "";
				PROVISIONING_PROFILE_SPECIFIER = "";
				WRAPPER_EXTENSION = app;
			};
			name = Release;
		};
/* End XCBuildConfiguration section */

/* Begin XCConfigurationList section */
		7C130576193FC0B60060F343 /* Build configuration list for PBXProject "AutoCasperNBI" */ = {
			isa = XCConfigurationList;
			buildConfigurations = (
				7C130599193FC0B60060F343 /* Debug */,
				7C13059A193FC0B60060F343 /* Release */,
			);
			defaultConfigurationIsVisible = 0;
			defaultConfigurationName = Release;
		};
		7C13059B193FC0B60060F343 /* Build configuration list for PBXNativeTarget "AutoCasperNBI" */ = {
			isa = XCConfigurationList;
			buildConfigurations = (
				7C13059C193FC0B60060F343 /* Debug */,
				7C13059D193FC0B60060F343 /* Release */,
			);
			defaultConfigurationIsVisible = 0;
			defaultConfigurationName = Release;
		};
/* End XCConfigurationList section */
	};
	rootObject = 7C130573193FC0B60060F343 /* Project object */;
}
